// !$*UTF8*$!
{
	archiveVersion = 1;
	classes = {
	};
	objectVersion = 56;
	objects = {

/* Begin PBXBuildFile section */
		F1E7BDE52B8B9B70006548A0 /* AppDelegate.swift in Sources */ = {isa = PBXBuildFile; fileRef = F1E7BDE42B8B9B70006548A0 /* AppDelegate.swift */; };
		F1E7BDE72B8B9B70006548A0 /* SceneDelegate.swift in Sources */ = {isa = PBXBuildFile; fileRef = F1E7BDE62B8B9B70006548A0 /* SceneDelegate.swift */; };
		F1E7BDE92B8B9B70006548A0 /* ViewController.swift in Sources */ = {isa = PBXBuildFile; fileRef = F1E7BDE82B8B9B70006548A0 /* ViewController.swift */; };
		F1E7BDEC2B8B9B70006548A0 /* Main.storyboard in Resources */ = {isa = PBXBuildFile; fileRef = F1E7BDEA2B8B9B70006548A0 /* Main.storyboard */; };
		F1E7BDEE2B8B9B71006548A0 /* Assets.xcassets in Resources */ = {isa = PBXBuildFile; fileRef = F1E7BDED2B8B9B71006548A0 /* Assets.xcassets */; };
		F1E7BDF12B8B9B71006548A0 /* LaunchScreen.storyboard in Resources */ = {isa = PBXBuildFile; fileRef = F1E7BDEF2B8B9B71006548A0 /* LaunchScreen.storyboard */; };
		F1E7BDFC2B8B9B71006548A0 /* GIT_TESTTests.swift in Sources */ = {isa = PBXBuildFile; fileRef = F1E7BDFB2B8B9B71006548A0 /* GIT_TESTTests.swift */; };
		F1E7BE062B8B9B71006548A0 /* GIT_TESTUITests.swift in Sources */ = {isa = PBXBuildFile; fileRef = F1E7BE052B8B9B71006548A0 /* GIT_TESTUITests.swift */; };
		F1E7BE082B8B9B71006548A0 /* GIT_TESTUITestsLaunchTests.swift in Sources */ = {isa = PBXBuildFile; fileRef = F1E7BE072B8B9B71006548A0 /* GIT_TESTUITestsLaunchTests.swift */; };
/* End PBXBuildFile section */

/* Begin PBXContainerItemProxy section */
		F1E7BDF82B8B9B71006548A0 /* PBXContainerItemProxy */ = {
			isa = PBXContainerItemProxy;
			containerPortal = F1E7BDD92B8B9B70006548A0 /* Project object */;
			proxyType = 1;
			remoteGlobalIDString = F1E7BDE02B8B9B70006548A0;
			remoteInfo = GIT_TEST;
		};
		F1E7BE022B8B9B71006548A0 /* PBXContainerItemProxy */ = {
			isa = PBXContainerItemProxy;
			containerPortal = F1E7BDD92B8B9B70006548A0 /* Project object */;
			proxyType = 1;
			remoteGlobalIDString = F1E7BDE02B8B9B70006548A0;
			remoteInfo = GIT_TEST;
		};
/* End PBXContainerItemProxy section */

/* Begin PBXFileReference section */
		F1E7BDE12B8B9B70006548A0 /* GIT_TEST.app */ = {isa = PBXFileReference; explicitFileType = wrapper.application; includeInIndex = 0; path = GIT_TEST.app; sourceTree = BUILT_PRODUCTS_DIR; };
		F1E7BDE42B8B9B70006548A0 /* AppDelegate.swift */ = {isa = PBXFileReference; lastKnownFileType = sourcecode.swift; path = AppDelegate.swift; sourceTree = "<group>"; };
		F1E7BDE62B8B9B70006548A0 /* SceneDelegate.swift */ = {isa = PBXFileReference; lastKnownFileType = sourcecode.swift; path = SceneDelegate.swift; sourceTree = "<group>"; };
		F1E7BDE82B8B9B70006548A0 /* ViewController.swift */ = {isa = PBXFileReference; lastKnownFileType = sourcecode.swift; path = ViewController.swift; sourceTree = "<group>"; };
		F1E7BDEB2B8B9B70006548A0 /* Base */ = {isa = PBXFileReference; lastKnownFileType = file.storyboard; name = Base; path = Base.lproj/Main.storyboard; sourceTree = "<group>"; };
		F1E7BDED2B8B9B71006548A0 /* Assets.xcassets */ = {isa = PBXFileReference; lastKnownFileType = folder.assetcatalog; path = Assets.xcassets; sourceTree = "<group>"; };
		F1E7BDF02B8B9B71006548A0 /* Base */ = {isa = PBXFileReference; lastKnownFileType = file.storyboard; name = Base; path = Base.lproj/LaunchScreen.storyboard; sourceTree = "<group>"; };
		F1E7BDF22B8B9B71006548A0 /* Info.plist */ = {isa = PBXFileReference; lastKnownFileType = text.plist.xml; path = Info.plist; sourceTree = "<group>"; };
		F1E7BDF72B8B9B71006548A0 /* GIT_TESTTests.xctest */ = {isa = PBXFileReference; explicitFileType = wrapper.cfbundle; includeInIndex = 0; path = GIT_TESTTests.xctest; sourceTree = BUILT_PRODUCTS_DIR; };
		F1E7BDFB2B8B9B71006548A0 /* GIT_TESTTests.swift */ = {isa = PBXFileReference; lastKnownFileType = sourcecode.swift; path = GIT_TESTTests.swift; sourceTree = "<group>"; };
		F1E7BE012B8B9B71006548A0 /* GIT_TESTUITests.xctest */ = {isa = PBXFileReference; explicitFileType = wrapper.cfbundle; includeInIndex = 0; path = GIT_TESTUITests.xctest; sourceTree = BUILT_PRODUCTS_DIR; };
		F1E7BE052B8B9B71006548A0 /* GIT_TESTUITests.swift */ = {isa = PBXFileReference; lastKnownFileType = sourcecode.swift; path = GIT_TESTUITests.swift; sourceTree = "<group>"; };
		F1E7BE072B8B9B71006548A0 /* GIT_TESTUITestsLaunchTests.swift */ = {isa = PBXFileReference; lastKnownFileType = sourcecode.swift; path = GIT_TESTUITestsLaunchTests.swift; sourceTree = "<group>"; };
/* End PBXFileReference section */

/* Begin PBXFrameworksBuildPhase section */
		F1E7BDDE2B8B9B70006548A0 /* Frameworks */ = {
			isa = PBXFrameworksBuildPhase;
			buildActionMask = 2147483647;
			files = (
			);
			runOnlyForDeploymentPostprocessing = 0;
		};
		F1E7BDF42B8B9B71006548A0 /* Frameworks */ = {
			isa = PBXFrameworksBuildPhase;
			buildActionMask = 2147483647;
			files = (
			);
			runOnlyForDeploymentPostprocessing = 0;
		};
		F1E7BDFE2B8B9B71006548A0 /* Frameworks */ = {
			isa = PBXFrameworksBuildPhase;
			buildActionMask = 2147483647;
			files = (
			);
			runOnlyForDeploymentPostprocessing = 0;
		};
/* End PBXFrameworksBuildPhase section */

/* Begin PBXGroup section */
		F1E7BDD82B8B9B70006548A0 = {
			isa = PBXGroup;
			children = (
				F1E7BDE32B8B9B70006548A0 /* GIT_TEST */,
				F1E7BDFA2B8B9B71006548A0 /* GIT_TESTTests */,
				F1E7BE042B8B9B71006548A0 /* GIT_TESTUITests */,
				F1E7BDE22B8B9B70006548A0 /* Products */,
			);
			sourceTree = "<group>";
		};
		F1E7BDE22B8B9B70006548A0 /* Products */ = {
			isa = PBXGroup;
			children = (
				F1E7BDE12B8B9B70006548A0 /* GIT_TEST.app */,
				F1E7BDF72B8B9B71006548A0 /* GIT_TESTTests.xctest */,
				F1E7BE012B8B9B71006548A0 /* GIT_TESTUITests.xctest */,
			);
			name = Products;
			sourceTree = "<group>";
		};
		F1E7BDE32B8B9B70006548A0 /* GIT_TEST */ = {
			isa = PBXGroup;
			children = (
				F1E7BDE42B8B9B70006548A0 /* AppDelegate.swift */,
				F1E7BDE62B8B9B70006548A0 /* SceneDelegate.swift */,
				F1E7BDE82B8B9B70006548A0 /* ViewController.swift */,
				F1E7BDEA2B8B9B70006548A0 /* Main.storyboard */,
				F1E7BDED2B8B9B71006548A0 /* Assets.xcassets */,
				F1E7BDEF2B8B9B71006548A0 /* LaunchScreen.storyboard */,
				F1E7BDF22B8B9B71006548A0 /* Info.plist */,
			);
			path = GIT_TEST;
			sourceTree = "<group>";
		};
		F1E7BDFA2B8B9B71006548A0 /* GIT_TESTTests */ = {
			isa = PBXGroup;
			children = (
				F1E7BDFB2B8B9B71006548A0 /* GIT_TESTTests.swift */,
			);
			path = GIT_TESTTests;
			sourceTree = "<group>";
		};
		F1E7BE042B8B9B71006548A0 /* GIT_TESTUITests */ = {
			isa = PBXGroup;
			children = (
				F1E7BE052B8B9B71006548A0 /* GIT_TESTUITests.swift */,
				F1E7BE072B8B9B71006548A0 /* GIT_TESTUITestsLaunchTests.swift */,
			);
			path = GIT_TESTUITests;
			sourceTree = "<group>";
		};
/* End PBXGroup section */

/* Begin PBXNativeTarget section */
		F1E7BDE02B8B9B70006548A0 /* GIT_TEST */ = {
			isa = PBXNativeTarget;
			buildConfigurationList = F1E7BE0B2B8B9B71006548A0 /* Build configuration list for PBXNativeTarget "GIT_TEST" */;
			buildPhases = (
				F1E7BDDD2B8B9B70006548A0 /* Sources */,
				F1E7BDDE2B8B9B70006548A0 /* Frameworks */,
				F1E7BDDF2B8B9B70006548A0 /* Resources */,
			);
			buildRules = (
			);
			dependencies = (
			);
			name = GIT_TEST;
			productName = GIT_TEST;
			productReference = F1E7BDE12B8B9B70006548A0 /* GIT_TEST.app */;
			productType = "com.apple.product-type.application";
		};
		F1E7BDF62B8B9B71006548A0 /* GIT_TESTTests */ = {
			isa = PBXNativeTarget;
			buildConfigurationList = F1E7BE0E2B8B9B71006548A0 /* Build configuration list for PBXNativeTarget "GIT_TESTTests" */;
			buildPhases = (
				F1E7BDF32B8B9B71006548A0 /* Sources */,
				F1E7BDF42B8B9B71006548A0 /* Frameworks */,
				F1E7BDF52B8B9B71006548A0 /* Resources */,
			);
			buildRules = (
			);
			dependencies = (
				F1E7BDF92B8B9B71006548A0 /* PBXTargetDependency */,
			);
			name = GIT_TESTTests;
			productName = GIT_TESTTests;
			productReference = F1E7BDF72B8B9B71006548A0 /* GIT_TESTTests.xctest */;
			productType = "com.apple.product-type.bundle.unit-test";
		};
		F1E7BE002B8B9B71006548A0 /* GIT_TESTUITests */ = {
			isa = PBXNativeTarget;
			buildConfigurationList = F1E7BE112B8B9B71006548A0 /* Build configuration list for PBXNativeTarget "GIT_TESTUITests" */;
			buildPhases = (
				F1E7BDFD2B8B9B71006548A0 /* Sources */,
				F1E7BDFE2B8B9B71006548A0 /* Frameworks */,
				F1E7BDFF2B8B9B71006548A0 /* Resources */,
			);
			buildRules = (
			);
			dependencies = (
				F1E7BE032B8B9B71006548A0 /* PBXTargetDependency */,
			);
			name = GIT_TESTUITests;
			productName = GIT_TESTUITests;
			productReference = F1E7BE012B8B9B71006548A0 /* GIT_TESTUITests.xctest */;
			productType = "com.apple.product-type.bundle.ui-testing";
		};
/* End PBXNativeTarget section */

/* Begin PBXProject section */
		F1E7BDD92B8B9B70006548A0 /* Project object */ = {
			isa = PBXProject;
			attributes = {
				BuildIndependentTargetsInParallel = 1;
				LastSwiftUpdateCheck = 1500;
				LastUpgradeCheck = 1500;
				TargetAttributes = {
					F1E7BDE02B8B9B70006548A0 = {
						CreatedOnToolsVersion = 15.0.1;
					};
					F1E7BDF62B8B9B71006548A0 = {
						CreatedOnToolsVersion = 15.0.1;
						TestTargetID = F1E7BDE02B8B9B70006548A0;
					};
					F1E7BE002B8B9B71006548A0 = {
						CreatedOnToolsVersion = 15.0.1;
						TestTargetID = F1E7BDE02B8B9B70006548A0;
					};
				};
			};
			buildConfigurationList = F1E7BDDC2B8B9B70006548A0 /* Build configuration list for PBXProject "GIT_TEST" */;
			compatibilityVersion = "Xcode 14.0";
			developmentRegion = en;
			hasScannedForEncodings = 0;
			knownRegions = (
				en,
				Base,
			);
			mainGroup = F1E7BDD82B8B9B70006548A0;
			productRefGroup = F1E7BDE22B8B9B70006548A0 /* Products */;
			projectDirPath = "";
			projectRoot = "";
			targets = (
				F1E7BDE02B8B9B70006548A0 /* GIT_TEST */,
				F1E7BDF62B8B9B71006548A0 /* GIT_TESTTests */,
				F1E7BE002B8B9B71006548A0 /* GIT_TESTUITests */,
			);
		};
/* End PBXProject section */

/* Begin PBXResourcesBuildPhase section */
		F1E7BDDF2B8B9B70006548A0 /* Resources */ = {
			isa = PBXResourcesBuildPhase;
			buildActionMask = 2147483647;
			files = (
				F1E7BDF12B8B9B71006548A0 /* LaunchScreen.storyboard in Resources */,
				F1E7BDEE2B8B9B71006548A0 /* Assets.xcassets in Resources */,
				F1E7BDEC2B8B9B70006548A0 /* Main.storyboard in Resources */,
			);
			runOnlyForDeploymentPostprocessing = 0;
		};
		F1E7BDF52B8B9B71006548A0 /* Resources */ = {
			isa = PBXResourcesBuildPhase;
			buildActionMask = 2147483647;
			files = (
			);
			runOnlyForDeploymentPostprocessing = 0;
		};
		F1E7BDFF2B8B9B71006548A0 /* Resources */ = {
			isa = PBXResourcesBuildPhase;
			buildActionMask = 2147483647;
			files = (
			);
			runOnlyForDeploymentPostprocessing = 0;
		};
/* End PBXResourcesBuildPhase section */

/* Begin PBXSourcesBuildPhase section */
		F1E7BDDD2B8B9B70006548A0 /* Sources */ = {
			isa = PBXSourcesBuildPhase;
			buildActionMask = 2147483647;
			files = (
				F1E7BDE92B8B9B70006548A0 /* ViewController.swift in Sources */,
				F1E7BDE52B8B9B70006548A0 /* AppDelegate.swift in Sources */,
				F1E7BDE72B8B9B70006548A0 /* SceneDelegate.swift in Sources */,
			);
			runOnlyForDeploymentPostprocessing = 0;
		};
		F1E7BDF32B8B9B71006548A0 /* Sources */ = {
			isa = PBXSourcesBuildPhase;
			buildActionMask = 2147483647;
			files = (
				F1E7BDFC2B8B9B71006548A0 /* GIT_TESTTests.swift in Sources */,
			);
			runOnlyForDeploymentPostprocessing = 0;
		};
		F1E7BDFD2B8B9B71006548A0 /* Sources */ = {
			isa = PBXSourcesBuildPhase;
			buildActionMask = 2147483647;
			files = (
				F1E7BE082B8B9B71006548A0 /* GIT_TESTUITestsLaunchTests.swift in Sources */,
				F1E7BE062B8B9B71006548A0 /* GIT_TESTUITests.swift in Sources */,
			);
			runOnlyForDeploymentPostprocessing = 0;
		};
/* End PBXSourcesBuildPhase section */

/* Begin PBXTargetDependency section */
		F1E7BDF92B8B9B71006548A0 /* PBXTargetDependency */ = {
			isa = PBXTargetDependency;
			target = F1E7BDE02B8B9B70006548A0 /* GIT_TEST */;
			targetProxy = F1E7BDF82B8B9B71006548A0 /* PBXContainerItemProxy */;
		};
		F1E7BE032B8B9B71006548A0 /* PBXTargetDependency */ = {
			isa = PBXTargetDependency;
			target = F1E7BDE02B8B9B70006548A0 /* GIT_TEST */;
			targetProxy = F1E7BE022B8B9B71006548A0 /* PBXContainerItemProxy */;
		};
/* End PBXTargetDependency section */

/* Begin PBXVariantGroup section */
		F1E7BDEA2B8B9B70006548A0 /* Main.storyboard */ = {
			isa = PBXVariantGroup;
			children = (
				F1E7BDEB2B8B9B70006548A0 /* Base */,
			);
			name = Main.storyboard;
			sourceTree = "<group>";
		};
		F1E7BDEF2B8B9B71006548A0 /* LaunchScreen.storyboard */ = {
			isa = PBXVariantGroup;
			children = (
				F1E7BDF02B8B9B71006548A0 /* Base */,
			);
			name = LaunchScreen.storyboard;
			sourceTree = "<group>";
		};
/* End PBXVariantGroup section */

/* Begin XCBuildConfiguration section */
		F1E7BE092B8B9B71006548A0 /* Debug */ = {
			isa = XCBuildConfiguration;
			buildSettings = {
				ALWAYS_SEARCH_USER_PATHS = NO;
				ASSETCATALOG_COMPILER_GENERATE_SWIFT_ASSET_SYMBOL_EXTENSIONS = YES;
				CLANG_ANALYZER_NONNULL = YES;
				CLANG_ANALYZER_NUMBER_OBJECT_CONVERSION = YES_AGGRESSIVE;
				CLANG_CXX_LANGUAGE_STANDARD = "gnu++20";
				CLANG_ENABLE_MODULES = YES;
				CLANG_ENABLE_OBJC_ARC = YES;
				CLANG_ENABLE_OBJC_WEAK = YES;
				CLANG_WARN_BLOCK_CAPTURE_AUTORELEASING = YES;
				CLANG_WARN_BOOL_CONVERSION = YES;
				CLANG_WARN_COMMA = YES;
				CLANG_WARN_CONSTANT_CONVERSION = YES;
				CLANG_WARN_DEPRECATED_OBJC_IMPLEMENTATIONS = YES;
				CLANG_WARN_DIRECT_OBJC_ISA_USAGE = YES_ERROR;
				CLANG_WARN_DOCUMENTATION_COMMENTS = YES;
				CLANG_WARN_EMPTY_BODY = YES;
				CLANG_WARN_ENUM_CONVERSION = YES;
				CLANG_WARN_INFINITE_RECURSION = YES;
				CLANG_WARN_INT_CONVERSION = YES;
				CLANG_WARN_NON_LITERAL_NULL_CONVERSION = YES;
				CLANG_WARN_OBJC_IMPLICIT_RETAIN_SELF = YES;
				CLANG_WARN_OBJC_LITERAL_CONVERSION = YES;
				CLANG_WARN_OBJC_ROOT_CLASS = YES_ERROR;
				CLANG_WARN_QUOTED_INCLUDE_IN_FRAMEWORK_HEADER = YES;
				CLANG_WARN_RANGE_LOOP_ANALYSIS = YES;
				CLANG_WARN_STRICT_PROTOTYPES = YES;
				CLANG_WARN_SUSPICIOUS_MOVE = YES;
				CLANG_WARN_UNGUARDED_AVAILABILITY = YES_AGGRESSIVE;
				CLANG_WARN_UNREACHABLE_CODE = YES;
				CLANG_WARN__DUPLICATE_METHOD_MATCH = YES;
				COPY_PHASE_STRIP = NO;
				DEBUG_INFORMATION_FORMAT = dwarf;
				ENABLE_STRICT_OBJC_MSGSEND = YES;
				ENABLE_TESTABILITY = YES;
				ENABLE_USER_SCRIPT_SANDBOXING = YES;
				GCC_C_LANGUAGE_STANDARD = gnu17;
				GCC_DYNAMIC_NO_PIC = NO;
				GCC_NO_COMMON_BLOCKS = YES;
				GCC_OPTIMIZATION_LEVEL = 0;
				GCC_PREPROCESSOR_DEFINITIONS = (
					"DEBUG=1",
					"$(inherited)",
				);
				GCC_WARN_64_TO_32_BIT_CONVERSION = YES;
				GCC_WARN_ABOUT_RETURN_TYPE = YES_ERROR;
				GCC_WARN_UNDECLARED_SELECTOR = YES;
				GCC_WARN_UNINITIALIZED_AUTOS = YES_AGGRESSIVE;
				GCC_WARN_UNUSED_FUNCTION = YES;
				GCC_WARN_UNUSED_VARIABLE = YES;
				IPHONEOS_DEPLOYMENT_TARGET = 17.0;
				LOCALIZATION_PREFERS_STRING_CATALOGS = YES;
				MTL_ENABLE_DEBUG_INFO = INCLUDE_SOURCE;
				MTL_FAST_MATH = YES;
				ONLY_ACTIVE_ARCH = YES;
				SDKROOT = iphoneos;
				SWIFT_ACTIVE_COMPILATION_CONDITIONS = "DEBUG $(inherited)";
				SWIFT_OPTIMIZATION_LEVEL = "-Onone";
			};
			name = Debug;
		};
		F1E7BE0A2B8B9B71006548A0 /* Release */ = {
			isa = XCBuildConfiguration;
			buildSettings = {
				ALWAYS_SEARCH_USER_PATHS = NO;
				ASSETCATALOG_COMPILER_GENERATE_SWIFT_ASSET_SYMBOL_EXTENSIONS = YES;
				CLANG_ANALYZER_NONNULL = YES;
				CLANG_ANALYZER_NUMBER_OBJECT_CONVERSION = YES_AGGRESSIVE;
				CLANG_CXX_LANGUAGE_STANDARD = "gnu++20";
				CLANG_ENABLE_MODULES = YES;
				CLANG_ENABLE_OBJC_ARC = YES;
				CLANG_ENABLE_OBJC_WEAK = YES;
				CLANG_WARN_BLOCK_CAPTURE_AUTORELEASING = YES;
				CLANG_WARN_BOOL_CONVERSION = YES;
				CLANG_WARN_COMMA = YES;
				CLANG_WARN_CONSTANT_CONVERSION = YES;
				CLANG_WARN_DEPRECATED_OBJC_IMPLEMENTATIONS = YES;
				CLANG_WARN_DIRECT_OBJC_ISA_USAGE = YES_ERROR;
				CLANG_WARN_DOCUMENTATION_COMMENTS = YES;
				CLANG_WARN_EMPTY_BODY = YES;
				CLANG_WARN_ENUM_CONVERSION = YES;
				CLANG_WARN_INFINITE_RECURSION = YES;
				CLANG_WARN_INT_CONVERSION = YES;
				CLANG_WARN_NON_LITERAL_NULL_CONVERSION = YES;
				CLANG_WARN_OBJC_IMPLICIT_RETAIN_SELF = YES;
				CLANG_WARN_OBJC_LITERAL_CONVERSION = YES;
				CLANG_WARN_OBJC_ROOT_CLASS = YES_ERROR;
				CLANG_WARN_QUOTED_INCLUDE_IN_FRAMEWORK_HEADER = YES;
				CLANG_WARN_RANGE_LOOP_ANALYSIS = YES;
				CLANG_WARN_STRICT_PROTOTYPES = YES;
				CLANG_WARN_SUSPICIOUS_MOVE = YES;
				CLANG_WARN_UNGUARDED_AVAILABILITY = YES_AGGRESSIVE;
				CLANG_WARN_UNREACHABLE_CODE = YES;
				CLANG_WARN__DUPLICATE_METHOD_MATCH = YES;
				COPY_PHASE_STRIP = NO;
				DEBUG_INFORMATION_FORMAT = "dwarf-with-dsym";
				ENABLE_NS_ASSERTIONS = NO;
				ENABLE_STRICT_OBJC_MSGSEND = YES;
				ENABLE_USER_SCRIPT_SANDBOXING = YES;
				GCC_C_LANGUAGE_STANDARD = gnu17;
				GCC_NO_COMMON_BLOCKS = YES;
				GCC_WARN_64_TO_32_BIT_CONVERSION = YES;
				GCC_WARN_ABOUT_RETURN_TYPE = YES_ERROR;
				GCC_WARN_UNDECLARED_SELECTOR = YES;
				GCC_WARN_UNINITIALIZED_AUTOS = YES_AGGRESSIVE;
				GCC_WARN_UNUSED_FUNCTION = YES;
				GCC_WARN_UNUSED_VARIABLE = YES;
				IPHONEOS_DEPLOYMENT_TARGET = 17.0;
				LOCALIZATION_PREFERS_STRING_CATALOGS = YES;
				MTL_ENABLE_DEBUG_INFO = NO;
				MTL_FAST_MATH = YES;
				SDKROOT = iphoneos;
				SWIFT_COMPILATION_MODE = wholemodule;
				VALIDATE_PRODUCT = YES;
			};
			name = Release;
		};
		F1E7BE0C2B8B9B71006548A0 /* Debug */ = {
			isa = XCBuildConfiguration;
			buildSettings = {
				ASSETCATALOG_COMPILER_APPICON_NAME = AppIcon;
				ASSETCATALOG_COMPILER_GLOBAL_ACCENT_COLOR_NAME = AccentColor;
				CODE_SIGN_STYLE = Automatic;
				CURRENT_PROJECT_VERSION = 1;
				DEVELOPMENT_TEAM = 642Z99HY6T;
				GENERATE_INFOPLIST_FILE = YES;
				INFOPLIST_FILE = GIT_TEST/Info.plist;
				INFOPLIST_KEY_UIApplicationSupportsIndirectInputEvents = YES;
				INFOPLIST_KEY_UILaunchStoryboardName = LaunchScreen;
				INFOPLIST_KEY_UIMainStoryboardFile = Main;
				INFOPLIST_KEY_UISupportedInterfaceOrientations_iPad = "UIInterfaceOrientationPortrait UIInterfaceOrientationPortraitUpsideDown UIInterfaceOrientationLandscapeLeft UIInterfaceOrientationLandscapeRight";
				INFOPLIST_KEY_UISupportedInterfaceOrientations_iPhone = "UIInterfaceOrientationPortrait UIInterfaceOrientationLandscapeLeft UIInterfaceOrientationLandscapeRight";
				LD_RUNPATH_SEARCH_PATHS = (
					"$(inherited)",
					"@executable_path/Frameworks",
				);
				MARKETING_VERSION = 1.0;
				PRODUCT_BUNDLE_IDENTIFIER = "PracticeCoding.GIT-TEST";
				PRODUCT_NAME = "$(TARGET_NAME)";
				SWIFT_EMIT_LOC_STRINGS = YES;
				SWIFT_VERSION = 5.0;
				TARGETED_DEVICE_FAMILY = "1,2";
			};
			name = Debug;
		};
		F1E7BE0D2B8B9B71006548A0 /* Release */ = {
			isa = XCBuildConfiguration;
			buildSettings = {
				ASSETCATALOG_COMPILER_APPICON_NAME = AppIcon;
				ASSETCATALOG_COMPILER_GLOBAL_ACCENT_COLOR_NAME = AccentColor;
				CODE_SIGN_STYLE = Automatic;
				CURRENT_PROJECT_VERSION = 1;
				DEVELOPMENT_TEAM = 642Z99HY6T;
				GENERATE_INFOPLIST_FILE = YES;
				INFOPLIST_FILE = GIT_TEST/Info.plist;
				INFOPLIST_KEY_UIApplicationSupportsIndirectInputEvents = YES;
				INFOPLIST_KEY_UILaunchStoryboardName = LaunchScreen;
				INFOPLIST_KEY_UIMainStoryboardFile = Main;
				INFOPLIST_KEY_UISupportedInterfaceOrientations_iPad = "UIInterfaceOrientationPortrait UIInterfaceOrientationPortraitUpsideDown UIInterfaceOrientationLandscapeLeft UIInterfaceOrientationLandscapeRight";
				INFOPLIST_KEY_UISupportedInterfaceOrientations_iPhone = "UIInterfaceOrientationPortrait UIInterfaceOrientationLandscapeLeft UIInterfaceOrientationLandscapeRight";
				LD_RUNPATH_SEARCH_PATHS = (
					"$(inherited)",
					"@executable_path/Frameworks",
				);
				MARKETING_VERSION = 1.0;
				PRODUCT_BUNDLE_IDENTIFIER = "PracticeCoding.GIT-TEST";
				PRODUCT_NAME = "$(TARGET_NAME)";
				SWIFT_EMIT_LOC_STRINGS = YES;
				SWIFT_VERSION = 5.0;
				TARGETED_DEVICE_FAMILY = "1,2";
			};
			name = Release;
		};
		F1E7BE0F2B8B9B71006548A0 /* Debug */ = {
			isa = XCBuildConfiguration;
			buildSettings = {
				ALWAYS_EMBED_SWIFT_STANDARD_LIBRARIES = YES;
				BUNDLE_LOADER = "$(TEST_HOST)";
				CODE_SIGN_STYLE = Automatic;
				CURRENT_PROJECT_VERSION = 1;
				DEVELOPMENT_TEAM = 642Z99HY6T;
				GENERATE_INFOPLIST_FILE = YES;
				IPHONEOS_DEPLOYMENT_TARGET = 17.0;
				MARKETING_VERSION = 1.0;
				PRODUCT_BUNDLE_IDENTIFIER = "PracticeCoding.GIT-TESTTests";
				PRODUCT_NAME = "$(TARGET_NAME)";
				SWIFT_EMIT_LOC_STRINGS = NO;
				SWIFT_VERSION = 5.0;
				TARGETED_DEVICE_FAMILY = "1,2";
				TEST_HOST = "$(BUILT_PRODUCTS_DIR)/GIT_TEST.app/$(BUNDLE_EXECUTABLE_FOLDER_PATH)/GIT_TEST";
			};
			name = Debug;
		};
		F1E7BE102B8B9B71006548A0 /* Release */ = {
			isa = XCBuildConfiguration;
			buildSettings = {
				ALWAYS_EMBED_SWIFT_STANDARD_LIBRARIES = YES;
				BUNDLE_LOADER = "$(TEST_HOST)";
				CODE_SIGN_STYLE = Automatic;
				CURRENT_PROJECT_VERSION = 1;
				DEVELOPMENT_TEAM = 642Z99HY6T;
				GENERATE_INFOPLIST_FILE = YES;
				IPHONEOS_DEPLOYMENT_TARGET = 17.0;
				MARKETING_VERSION = 1.0;
				PRODUCT_BUNDLE_IDENTIFIER = "PracticeCoding.GIT-TESTTests";
				PRODUCT_NAME = "$(TARGET_NAME)";
				SWIFT_EMIT_LOC_STRINGS = NO;
				SWIFT_VERSION = 5.0;
				TARGETED_DEVICE_FAMILY = "1,2";
				TEST_HOST = "$(BUILT_PRODUCTS_DIR)/GIT_TEST.app/$(BUNDLE_EXECUTABLE_FOLDER_PATH)/GIT_TEST";
			};
			name = Release;
		};
		F1E7BE122B8B9B71006548A0 /* Debug */ = {
			isa = XCBuildConfiguration;
			buildSettings = {
				ALWAYS_EMBED_SWIFT_STANDARD_LIBRARIES = YES;
				CODE_SIGN_STYLE = Automatic;
				CURRENT_PROJECT_VERSION = 1;
				DEVELOPMENT_TEAM = 642Z99HY6T;
				GENERATE_INFOPLIST_FILE = YES;
				MARKETING_VERSION = 1.0;
				PRODUCT_BUNDLE_IDENTIFIER = "PracticeCoding.GIT-TESTUITests";
				PRODUCT_NAME = "$(TARGET_NAME)";
				SWIFT_EMIT_LOC_STRINGS = NO;
				SWIFT_VERSION = 5.0;
				TARGETED_DEVICE_FAMILY = "1,2";
				TEST_TARGET_NAME = GIT_TEST;
			};
			name = Debug;
		};
		F1E7BE132B8B9B71006548A0 /* Release */ = {
			isa = XCBuildConfiguration;
			buildSettings = {
				ALWAYS_EMBED_SWIFT_STANDARD_LIBRARIES = YES;
				CODE_SIGN_STYLE = Automatic;
				CURRENT_PROJECT_VERSION = 1;
				DEVELOPMENT_TEAM = 642Z99HY6T;
				GENERATE_INFOPLIST_FILE = YES;
				MARKETING_VERSION = 1.0;
				PRODUCT_BUNDLE_IDENTIFIER = "PracticeCoding.GIT-TESTUITests";
				PRODUCT_NAME = "$(TARGET_NAME)";
				SWIFT_EMIT_LOC_STRINGS = NO;
				SWIFT_VERSION = 5.0;
				TARGETED_DEVICE_FAMILY = "1,2";
				TEST_TARGET_NAME = GIT_TEST;
			};
			name = Release;
		};
/* End XCBuildConfiguration section */

/* Begin XCConfigurationList section */
		F1E7BDDC2B8B9B70006548A0 /* Build configuration list for PBXProject "GIT_TEST" */ = {
			isa = XCConfigurationList;
			buildConfigurations = (
				F1E7BE092B8B9B71006548A0 /* Debug */,
				F1E7BE0A2B8B9B71006548A0 /* Release */,
			);
			defaultConfigurationIsVisible = 0;
			defaultConfigurationName = Release;
		};
		F1E7BE0B2B8B9B71006548A0 /* Build configuration list for PBXNativeTarget "GIT_TEST" */ = {
			isa = XCConfigurationList;
			buildConfigurations = (
				F1E7BE0C2B8B9B71006548A0 /* Debug */,
				F1E7BE0D2B8B9B71006548A0 /* Release */,
			);
			defaultConfigurationIsVisible = 0;
			defaultConfigurationName = Release;
		};
		F1E7BE0E2B8B9B71006548A0 /* Build configuration list for PBXNativeTarget "GIT_TESTTests" */ = {
			isa = XCConfigurationList;
			buildConfigurations = (
				F1E7BE0F2B8B9B71006548A0 /* Debug */,
				F1E7BE102B8B9B71006548A0 /* Release */,
			);
			defaultConfigurationIsVisible = 0;
			defaultConfigurationName = Release;
		};
		F1E7BE112B8B9B71006548A0 /* Build configuration list for PBXNativeTarget "GIT_TESTUITests" */ = {
			isa = XCConfigurationList;
			buildConfigurations = (
				F1E7BE122B8B9B71006548A0 /* Debug */,
				F1E7BE132B8B9B71006548A0 /* Release */,
			);
			defaultConfigurationIsVisible = 0;
			defaultConfigurationName = Release;
		};
/* End XCConfigurationList section */
	};
	rootObject = F1E7BDD92B8B9B70006548A0 /* Project object */;
}
